
Microsoft Visual Studio Solution File, Format Version 12.00
# Visual Studio Version 17
VisualStudioVersion = 17.5.33627.172
MinimumVisualStudioVersion = 10.0.40219.1
Project("{FAE04EC0-301F-11D3-BF4B-00C04F79EFBC}") = "Test_Invoice", "Test_Invoice.csproj", "{9080EF04-27AA-4C1F-A1A9-E37A251FEE21}"
EndProject
Global
	GlobalSection(SolutionConfigurationPlatforms) = preSolution
		Debug|Any CPU = Debug|Any CPU
		Release|Any CPU = Release|Any CPU
	EndGlobalSection
	GlobalSection(ProjectConfigurationPlatforms) = postSolution
		{9080EF04-27AA-4C1F-A1A9-E37A251FEE21}.Debug|Any CPU.ActiveCfg = Debug|Any CPU
		{9080EF04-27AA-4C1F-A1A9-E37A251FEE21}.Debug|Any CPU.Build.0 = Debug|Any CPU
		{9080EF04-27AA-4C1F-A1A9-E37A251FEE21}.Release|Any CPU.ActiveCfg = Release|Any CPU
		{9080EF04-27AA-4C1F-A1A9-E37A251FEE21}.Release|Any CPU.Build.0 = Release|Any CPU
	EndGlobalSection
	GlobalSection(SolutionProperties) = preSolution
		HideSolutionNode = FALSE
	EndGlobalSection
	GlobalSection(ExtensibilityGlobals) = postSolution
		SolutionGuid = {FF25FE7E-8BF4-4287-A6DA-A0FDAE4CDE71}
	EndGlobalSection
EndGlobal
